%{
  "benchee": {:git, "https://github.com/bencheeorg/benchee.git", "0702f97d221051ae908c4a3efdd538314d65e7ff", []},
  "deep_merge": {:hex, :deep_merge, "1.0.0", "b4aa1a0d1acac393bdf38b2291af38cb1d4a52806cf7a4906f718e1feb5ee961", [:mix], [], "hexpm", "ce708e5f094b9cd4e8f2be4f00d2f4250c4095be93f8cd6d018c753894885430"},
  "focus": {:hex, :focus, "0.3.5", "ba9f2c3cc6ea9398db66ebbb859ba22d91341d64f6f771e87f7679b5bff1c6a1", [:mix], [], "hexpm", "962390084c8fffc134bb23e38dbd51da63e7e05462fd91ca16be478b513fc982"},
  "pathex": {:hex, :pathex, "0.2.0", "4f6ff3044763deda868ed7bcafd943682c6ed15afd4cc1c0287dd90204365b5d", [:mix], [], "hexpm", "2ad4047554e933b9a8e0735f6a8b01f469b857a4580811c58d6faa1461997d42"},
  "statistex": {:hex, :statistex, "1.0.0", "f3dc93f3c0c6c92e5f291704cf62b99b553253d7969e9a5fa713e5481cd858a5", [:mix], [], "hexpm", "ff9d8bee7035028ab4742ff52fc80a2aa35cece833cf5319009b52f1b5a86c27"},
}
